
Microsoft Visual Studio Solution File, Format Version 12.00
# Visual Studio Version 17
VisualStudioVersion = 17.10.34928.147
MinimumVisualStudioVersion = 10.0.40219.1
Project("{FAE04EC0-301F-11D3-BF4B-00C04F79EFBC}") = "IdentityProject", "IdentityProject\IdentityProject.csproj", "{32C27507-9EF0-44D0-B59A-D68AA4EE6235}"
EndProject
Global
	GlobalSection(SolutionConfigurationPlatforms) = preSolution
		Debug|Any CPU = Debug|Any CPU
		Release|Any CPU = Release|Any CPU
	EndGlobalSection
	GlobalSection(ProjectConfigurationPlatforms) = postSolution
		{32C27507-9EF0-44D0-B59A-D68AA4EE6235}.Debug|Any CPU.ActiveCfg = Debug|Any CPU
		{32C27507-9EF0-44D0-B59A-D68AA4EE6235}.Debug|Any CPU.Build.0 = Debug|Any CPU
		{32C27507-9EF0-44D0-B59A-D68AA4EE6235}.Release|Any CPU.ActiveCfg = Release|Any CPU
		{32C27507-9EF0-44D0-B59A-D68AA4EE6235}.Release|Any CPU.Build.0 = Release|Any CPU
	EndGlobalSection
	GlobalSection(SolutionProperties) = preSolution
		HideSolutionNode = FALSE
	EndGlobalSection
	GlobalSection(ExtensibilityGlobals) = postSolution
		SolutionGuid = {66761EBB-1EC0-46B3-8211-F9C337A6063D}
	EndGlobalSection
EndGlobal
